
Microsoft Visual Studio Solution File, Format Version 12.00
# Visual Studio Version 16
VisualStudioVersion = 16.0.30002.166
MinimumVisualStudioVersion = 10.0.40219.1
Project("{9A19103F-16F7-4668-BE54-9A1E7A4F7556}") = "Codefarts.BuildHelperLib", "Codefarts.BuildHelperLib\Codefarts.BuildHelperLib.csproj", "{4C7A1616-83D1-4342-90FB-24D98DE9E74F}"
EndProject
Project("{9A19103F-16F7-4668-BE54-9A1E7A4F7556}") = "Codefarts.BuildHelperConsoleApp", "Codefarts.BuildHelperConsoleApp\Codefarts.BuildHelperConsoleApp.csproj", "{F252D7FE-B7C4-4D9E-BCFF-FDBD174C5972}"
EndProject
Project("{FAE04EC0-301F-11D3-BF4B-00C04F79EFBC}") = "Codefarts.BuildHelperWPF", "Codefarts.BuildHelperWPF\Codefarts.BuildHelperWPF.csproj", "{E06FA339-78D3-49AC-975F-7E835BC161C8}"
EndProject
Project("{9A19103F-16F7-4668-BE54-9A1E7A4F7556}") = "BuildHelperTests", "BuildHelperTests\BuildHelperTests.csproj", "{DA0EDD97-5ADA-4298-BAA4-B8483D24BB72}"
EndProject
Project("{2150E333-8FDC-42A3-9474-1A3956D46DE8}") = "Solution Items", "Solution Items", "{BEA3A0B3-BFEB-4FFD-9579-34E192D61981}"
	ProjectSection(SolutionItems) = preProject
		..\..\PowerShell\Post-Build.ps1 = ..\..\PowerShell\Post-Build.ps1
	EndProjectSection
EndProject
Project("{2150E333-8FDC-42A3-9474-1A3956D46DE8}") = "Plugins", "Plugins", "{E82CBFB0-7146-4DF0-85EC-C61EC9B2DCE8}"
EndProject
Project("{9A19103F-16F7-4668-BE54-9A1E7A4F7556}") = "DeployCommand", "Plugins\DeployCommand\DeployCommand.csproj", "{926CD8DD-0B4F-46D8-97E6-EA8B764170EC}"
EndProject
Project("{9A19103F-16F7-4668-BE54-9A1E7A4F7556}") = "CopyDirCommand", "Plugins\CopyDirCommand\CopyDirCommand.csproj", "{8386E063-E3AE-4760-B4FF-264B27A35BF2}"
EndProject
Project("{9A19103F-16F7-4668-BE54-9A1E7A4F7556}") = "PurgeCommand", "Plugins\PurgeCommand\PurgeCommand.csproj", "{AD3DE9A6-5060-4EEA-9447-787753C1E374}"
EndProject
Project("{9A19103F-16F7-4668-BE54-9A1E7A4F7556}") = "ReferencesCommands", "Plugins\ReferencesCommands\ReferencesCommands.csproj", "{F2041943-39A2-4008-A596-3F66FBDA14BB}"
EndProject
Project("{FAE04EC0-301F-11D3-BF4B-00C04F79EFBC}") = "VariableCommand", "Plugins\VariableCommand\VariableCommand.csproj", "{AFCC2B57-A6F1-431D-B9AF-5C9D280FCA81}"
EndProject
Project("{FAE04EC0-301F-11D3-BF4B-00C04F79EFBC}") = "AutoVersionUpdater", "Plugins\AutoVersionUpdater\AutoVersionUpdater.csproj", "{1A3671E3-5576-4FDC-A7D3-BA1BCBA7B444}"
EndProject
Project("{FAE04EC0-301F-11D3-BF4B-00C04F79EFBC}") = "ConditionCommand", "Plugins\ConditionCommand\ConditionCommand.csproj", "{D5CC5013-F220-4841-9064-6A46C93179B2}"
EndProject
Global
	GlobalSection(SolutionConfigurationPlatforms) = preSolution
		Debug|Any CPU = Debug|Any CPU
		Release|Any CPU = Release|Any CPU
	EndGlobalSection
	GlobalSection(ProjectConfigurationPlatforms) = postSolution
		{4C7A1616-83D1-4342-90FB-24D98DE9E74F}.Debug|Any CPU.ActiveCfg = Debug|Any CPU
		{4C7A1616-83D1-4342-90FB-24D98DE9E74F}.Debug|Any CPU.Build.0 = Debug|Any CPU
		{4C7A1616-83D1-4342-90FB-24D98DE9E74F}.Release|Any CPU.ActiveCfg = Release|Any CPU
		{4C7A1616-83D1-4342-90FB-24D98DE9E74F}.Release|Any CPU.Build.0 = Release|Any CPU
		{F252D7FE-B7C4-4D9E-BCFF-FDBD174C5972}.Debug|Any CPU.ActiveCfg = Debug|Any CPU
		{F252D7FE-B7C4-4D9E-BCFF-FDBD174C5972}.Debug|Any CPU.Build.0 = Debug|Any CPU
		{F252D7FE-B7C4-4D9E-BCFF-FDBD174C5972}.Release|Any CPU.ActiveCfg = Release|Any CPU
		{F252D7FE-B7C4-4D9E-BCFF-FDBD174C5972}.Release|Any CPU.Build.0 = Release|Any CPU
		{E06FA339-78D3-49AC-975F-7E835BC161C8}.Debug|Any CPU.ActiveCfg = Debug|Any CPU
		{E06FA339-78D3-49AC-975F-7E835BC161C8}.Debug|Any CPU.Build.0 = Debug|Any CPU
		{E06FA339-78D3-49AC-975F-7E835BC161C8}.Release|Any CPU.ActiveCfg = Release|Any CPU
		{E06FA339-78D3-49AC-975F-7E835BC161C8}.Release|Any CPU.Build.0 = Release|Any CPU
		{DA0EDD97-5ADA-4298-BAA4-B8483D24BB72}.Debug|Any CPU.ActiveCfg = Debug|Any CPU
		{DA0EDD97-5ADA-4298-BAA4-B8483D24BB72}.Debug|Any CPU.Build.0 = Debug|Any CPU
		{DA0EDD97-5ADA-4298-BAA4-B8483D24BB72}.Release|Any CPU.ActiveCfg = Release|Any CPU
		{DA0EDD97-5ADA-4298-BAA4-B8483D24BB72}.Release|Any CPU.Build.0 = Release|Any CPU
		{926CD8DD-0B4F-46D8-97E6-EA8B764170EC}.Debug|Any CPU.ActiveCfg = Debug|Any CPU
		{926CD8DD-0B4F-46D8-97E6-EA8B764170EC}.Debug|Any CPU.Build.0 = Debug|Any CPU
		{926CD8DD-0B4F-46D8-97E6-EA8B764170EC}.Release|Any CPU.ActiveCfg = Release|Any CPU
		{926CD8DD-0B4F-46D8-97E6-EA8B764170EC}.Release|Any CPU.Build.0 = Release|Any CPU
		{8386E063-E3AE-4760-B4FF-264B27A35BF2}.Debug|Any CPU.ActiveCfg = Debug|Any CPU
		{8386E063-E3AE-4760-B4FF-264B27A35BF2}.Debug|Any CPU.Build.0 = Debug|Any CPU
		{8386E063-E3AE-4760-B4FF-264B27A35BF2}.Release|Any CPU.ActiveCfg = Release|Any CPU
		{8386E063-E3AE-4760-B4FF-264B27A35BF2}.Release|Any CPU.Build.0 = Release|Any CPU
		{AD3DE9A6-5060-4EEA-9447-787753C1E374}.Debug|Any CPU.ActiveCfg = Debug|Any CPU
		{AD3DE9A6-5060-4EEA-9447-787753C1E374}.Debug|Any CPU.Build.0 = Debug|Any CPU
		{AD3DE9A6-5060-4EEA-9447-787753C1E374}.Release|Any CPU.ActiveCfg = Release|Any CPU
		{AD3DE9A6-5060-4EEA-9447-787753C1E374}.Release|Any CPU.Build.0 = Release|Any CPU
		{F2041943-39A2-4008-A596-3F66FBDA14BB}.Debug|Any CPU.ActiveCfg = Debug|Any CPU
		{F2041943-39A2-4008-A596-3F66FBDA14BB}.Debug|Any CPU.Build.0 = Debug|Any CPU
		{F2041943-39A2-4008-A596-3F66FBDA14BB}.Release|Any CPU.ActiveCfg = Release|Any CPU
		{F2041943-39A2-4008-A596-3F66FBDA14BB}.Release|Any CPU.Build.0 = Release|Any CPU
		{AFCC2B57-A6F1-431D-B9AF-5C9D280FCA81}.Debug|Any CPU.ActiveCfg = Debug|Any CPU
		{AFCC2B57-A6F1-431D-B9AF-5C9D280FCA81}.Debug|Any CPU.Build.0 = Debug|Any CPU
		{AFCC2B57-A6F1-431D-B9AF-5C9D280FCA81}.Release|Any CPU.ActiveCfg = Release|Any CPU
		{AFCC2B57-A6F1-431D-B9AF-5C9D280FCA81}.Release|Any CPU.Build.0 = Release|Any CPU
		{1A3671E3-5576-4FDC-A7D3-BA1BCBA7B444}.Debug|Any CPU.ActiveCfg = Debug|Any CPU
		{1A3671E3-5576-4FDC-A7D3-BA1BCBA7B444}.Debug|Any CPU.Build.0 = Debug|Any CPU
		{1A3671E3-5576-4FDC-A7D3-BA1BCBA7B444}.Release|Any CPU.ActiveCfg = Release|Any CPU
		{1A3671E3-5576-4FDC-A7D3-BA1BCBA7B444}.Release|Any CPU.Build.0 = Release|Any CPU
		{D5CC5013-F220-4841-9064-6A46C93179B2}.Debug|Any CPU.ActiveCfg = Debug|Any CPU
		{D5CC5013-F220-4841-9064-6A46C93179B2}.Debug|Any CPU.Build.0 = Debug|Any CPU
		{D5CC5013-F220-4841-9064-6A46C93179B2}.Release|Any CPU.ActiveCfg = Release|Any CPU
		{D5CC5013-F220-4841-9064-6A46C93179B2}.Release|Any CPU.Build.0 = Release|Any CPU
	EndGlobalSection
	GlobalSection(SolutionProperties) = preSolution
		HideSolutionNode = FALSE
	EndGlobalSection
	GlobalSection(NestedProjects) = preSolution
		{926CD8DD-0B4F-46D8-97E6-EA8B764170EC} = {E82CBFB0-7146-4DF0-85EC-C61EC9B2DCE8}
		{8386E063-E3AE-4760-B4FF-264B27A35BF2} = {E82CBFB0-7146-4DF0-85EC-C61EC9B2DCE8}
		{AD3DE9A6-5060-4EEA-9447-787753C1E374} = {E82CBFB0-7146-4DF0-85EC-C61EC9B2DCE8}
		{F2041943-39A2-4008-A596-3F66FBDA14BB} = {E82CBFB0-7146-4DF0-85EC-C61EC9B2DCE8}
		{AFCC2B57-A6F1-431D-B9AF-5C9D280FCA81} = {E82CBFB0-7146-4DF0-85EC-C61EC9B2DCE8}
		{1A3671E3-5576-4FDC-A7D3-BA1BCBA7B444} = {E82CBFB0-7146-4DF0-85EC-C61EC9B2DCE8}
		{D5CC5013-F220-4841-9064-6A46C93179B2} = {E82CBFB0-7146-4DF0-85EC-C61EC9B2DCE8}
	EndGlobalSection
	GlobalSection(ExtensibilityGlobals) = postSolution
		SolutionGuid = {50DE8B4C-CE16-4FE9-999D-743074D01A5C}
	EndGlobalSection
EndGlobal
