
Microsoft Visual Studio Solution File, Format Version 12.00
# Visual Studio Version 16
VisualStudioVersion = 16.0.30002.166
MinimumVisualStudioVersion = 10.0.40219.1
Project("{9A19103F-16F7-4668-BE54-9A1E7A4F7556}") = "Codefarts.BuildHelperLib", "Codefarts.BuildHelperLib\Codefarts.BuildHelperLib.csproj", "{4C7A1616-83D1-4342-90FB-24D98DE9E74F}"
EndProject
Project("{9A19103F-16F7-4668-BE54-9A1E7A4F7556}") = "Codefarts.BuildHelperConsoleApp", "Codefarts.BuildHelperConsoleApp\Codefarts.BuildHelperConsoleApp.csproj", "{F252D7FE-B7C4-4D9E-BCFF-FDBD174C5972}"
	ProjectSection(ProjectDependencies) = postProject
		{AFCC2B57-A6F1-431D-B9AF-5C9D280FCA81} = {AFCC2B57-A6F1-431D-B9AF-5C9D280FCA81}
		{8723AC2E-128F-47C3-9B1F-8A71E5F646EB} = {8723AC2E-128F-47C3-9B1F-8A71E5F646EB}
		{F2041943-39A2-4008-A596-3F66FBDA14BB} = {F2041943-39A2-4008-A596-3F66FBDA14BB}
		{AD3DE9A6-5060-4EEA-9447-787753C1E374} = {AD3DE9A6-5060-4EEA-9447-787753C1E374}
		{8386E063-E3AE-4760-B4FF-264B27A35BF2} = {8386E063-E3AE-4760-B4FF-264B27A35BF2}
		{D5CC5013-F220-4841-9064-6A46C93179B2} = {D5CC5013-F220-4841-9064-6A46C93179B2}
		{1A3671E3-5576-4FDC-A7D3-BA1BCBA7B444} = {1A3671E3-5576-4FDC-A7D3-BA1BCBA7B444}
	EndProjectSection
EndProject
Project("{FAE04EC0-301F-11D3-BF4B-00C04F79EFBC}") = "Codefarts.BuildHelperWPF", "Codefarts.BuildHelperWPF\Codefarts.BuildHelperWPF.csproj", "{E06FA339-78D3-49AC-975F-7E835BC161C8}"
EndProject
Project("{9A19103F-16F7-4668-BE54-9A1E7A4F7556}") = "BuildHelperTests", "BuildHelperTests\BuildHelperTests.csproj", "{DA0EDD97-5ADA-4298-BAA4-B8483D24BB72}"
EndProject
Project("{2150E333-8FDC-42A3-9474-1A3956D46DE8}") = "Solution Items", "Solution Items", "{BEA3A0B3-BFEB-4FFD-9579-34E192D61981}"
	ProjectSection(SolutionItems) = preProject
		..\..\PowerShell\Post-Build.ps1 = ..\..\PowerShell\Post-Build.ps1
	EndProjectSection
EndProject
Project("{2150E333-8FDC-42A3-9474-1A3956D46DE8}") = "Plugins", "Plugins", "{E82CBFB0-7146-4DF0-85EC-C61EC9B2DCE8}"
EndProject
Project("{9A19103F-16F7-4668-BE54-9A1E7A4F7556}") = "CopyDirCommand", "Plugins\CopyDirCommand\CopyDirCommand.csproj", "{8386E063-E3AE-4760-B4FF-264B27A35BF2}"
EndProject
Project("{9A19103F-16F7-4668-BE54-9A1E7A4F7556}") = "PurgeCommand", "Plugins\PurgeCommand\PurgeCommand.csproj", "{AD3DE9A6-5060-4EEA-9447-787753C1E374}"
EndProject
Project("{9A19103F-16F7-4668-BE54-9A1E7A4F7556}") = "ReferencesCommands", "Plugins\ReferencesCommands\ReferencesCommands.csproj", "{F2041943-39A2-4008-A596-3F66FBDA14BB}"
EndProject
Project("{FAE04EC0-301F-11D3-BF4B-00C04F79EFBC}") = "VariableCommand", "Plugins\VariableCommand\VariableCommand.csproj", "{AFCC2B57-A6F1-431D-B9AF-5C9D280FCA81}"
EndProject
Project("{FAE04EC0-301F-11D3-BF4B-00C04F79EFBC}") = "AutoVersionUpdater", "Plugins\AutoVersionUpdater\AutoVersionUpdater.csproj", "{1A3671E3-5576-4FDC-A7D3-BA1BCBA7B444}"
EndProject
Project("{FAE04EC0-301F-11D3-BF4B-00C04F79EFBC}") = "ConditionCommand", "Plugins\ConditionCommand\ConditionCommand.csproj", "{D5CC5013-F220-4841-9064-6A46C93179B2}"
EndProject
Project("{FAE04EC0-301F-11D3-BF4B-00C04F79EFBC}") = "Codefats.BuildHelper.ConsoleReporter", "Codefats.BuildHelper.ConsoleReporter\Codefats.BuildHelper.ConsoleReporter.csproj", "{7F3E094E-370E-4526-9524-7ABBFCC7BEB8}"
EndProject
Project("{2150E333-8FDC-42A3-9474-1A3956D46DE8}") = "References", "References", "{4B69FB7B-B107-44C0-A188-5440892C25F1}"
EndProject
Project("{FAE04EC0-301F-11D3-BF4B-00C04F79EFBC}") = "Codefarts.IoCNET5", "..\Codefarts.IoC\Codefarts.IoCNET5\Codefarts.IoCNET5.csproj", "{E1D24A4D-76B0-4B3B-8AAF-211CCFAB0BE3}"
EndProject
Project("{FAE04EC0-301F-11D3-BF4B-00C04F79EFBC}") = "Codefarts.DependenceyInjectionNET5", "..\Codefarts.DependenceyInjection\Codefarts.DependenceyInjectionNET5\Codefarts.DependenceyInjectionNET5.csproj", "{7849C907-8D29-4881-8C53-1DF03043AED3}"
EndProject
Project("{FAE04EC0-301F-11D3-BF4B-00C04F79EFBC}") = "StatusCommand", "Plugins\StatusCommand\StatusCommand.csproj", "{8723AC2E-128F-47C3-9B1F-8A71E5F646EB}"
EndProject
Project("{2150E333-8FDC-42A3-9474-1A3956D46DE8}") = "StatusReporters", "StatusReporters", "{C1967FAA-FA70-442E-A53D-85024CE241BF}"
EndProject
Project("{FAE04EC0-301F-11D3-BF4B-00C04F79EFBC}") = "ExcellModelBuilder", "Plugins\ExcellModelBuilder\ExcellModelBuilder.csproj", "{43D61946-9C29-4185-85A8-ADC82F089537}"
EndProject
Global
	GlobalSection(SolutionConfigurationPlatforms) = preSolution
		Debug|Any CPU = Debug|Any CPU
		Release|Any CPU = Release|Any CPU
	EndGlobalSection
	GlobalSection(ProjectConfigurationPlatforms) = postSolution
		{4C7A1616-83D1-4342-90FB-24D98DE9E74F}.Debug|Any CPU.ActiveCfg = Debug|Any CPU
		{4C7A1616-83D1-4342-90FB-24D98DE9E74F}.Debug|Any CPU.Build.0 = Debug|Any CPU
		{4C7A1616-83D1-4342-90FB-24D98DE9E74F}.Release|Any CPU.ActiveCfg = Release|Any CPU
		{4C7A1616-83D1-4342-90FB-24D98DE9E74F}.Release|Any CPU.Build.0 = Release|Any CPU
		{F252D7FE-B7C4-4D9E-BCFF-FDBD174C5972}.Debug|Any CPU.ActiveCfg = Debug|Any CPU
		{F252D7FE-B7C4-4D9E-BCFF-FDBD174C5972}.Debug|Any CPU.Build.0 = Debug|Any CPU
		{F252D7FE-B7C4-4D9E-BCFF-FDBD174C5972}.Release|Any CPU.ActiveCfg = Release|Any CPU
		{F252D7FE-B7C4-4D9E-BCFF-FDBD174C5972}.Release|Any CPU.Build.0 = Release|Any CPU
		{E06FA339-78D3-49AC-975F-7E835BC161C8}.Debug|Any CPU.ActiveCfg = Debug|Any CPU
		{E06FA339-78D3-49AC-975F-7E835BC161C8}.Debug|Any CPU.Build.0 = Debug|Any CPU
		{E06FA339-78D3-49AC-975F-7E835BC161C8}.Release|Any CPU.ActiveCfg = Release|Any CPU
		{E06FA339-78D3-49AC-975F-7E835BC161C8}.Release|Any CPU.Build.0 = Release|Any CPU
		{DA0EDD97-5ADA-4298-BAA4-B8483D24BB72}.Debug|Any CPU.ActiveCfg = Debug|Any CPU
		{DA0EDD97-5ADA-4298-BAA4-B8483D24BB72}.Debug|Any CPU.Build.0 = Debug|Any CPU
		{DA0EDD97-5ADA-4298-BAA4-B8483D24BB72}.Release|Any CPU.ActiveCfg = Release|Any CPU
		{DA0EDD97-5ADA-4298-BAA4-B8483D24BB72}.Release|Any CPU.Build.0 = Release|Any CPU
		{8386E063-E3AE-4760-B4FF-264B27A35BF2}.Debug|Any CPU.ActiveCfg = Debug|Any CPU
		{8386E063-E3AE-4760-B4FF-264B27A35BF2}.Debug|Any CPU.Build.0 = Debug|Any CPU
		{8386E063-E3AE-4760-B4FF-264B27A35BF2}.Release|Any CPU.ActiveCfg = Release|Any CPU
		{8386E063-E3AE-4760-B4FF-264B27A35BF2}.Release|Any CPU.Build.0 = Release|Any CPU
		{AD3DE9A6-5060-4EEA-9447-787753C1E374}.Debug|Any CPU.ActiveCfg = Debug|Any CPU
		{AD3DE9A6-5060-4EEA-9447-787753C1E374}.Debug|Any CPU.Build.0 = Debug|Any CPU
		{AD3DE9A6-5060-4EEA-9447-787753C1E374}.Release|Any CPU.ActiveCfg = Release|Any CPU
		{AD3DE9A6-5060-4EEA-9447-787753C1E374}.Release|Any CPU.Build.0 = Release|Any CPU
		{F2041943-39A2-4008-A596-3F66FBDA14BB}.Debug|Any CPU.ActiveCfg = Debug|Any CPU
		{F2041943-39A2-4008-A596-3F66FBDA14BB}.Debug|Any CPU.Build.0 = Debug|Any CPU
		{F2041943-39A2-4008-A596-3F66FBDA14BB}.Release|Any CPU.ActiveCfg = Release|Any CPU
		{F2041943-39A2-4008-A596-3F66FBDA14BB}.Release|Any CPU.Build.0 = Release|Any CPU
		{AFCC2B57-A6F1-431D-B9AF-5C9D280FCA81}.Debug|Any CPU.ActiveCfg = Debug|Any CPU
		{AFCC2B57-A6F1-431D-B9AF-5C9D280FCA81}.Debug|Any CPU.Build.0 = Debug|Any CPU
		{AFCC2B57-A6F1-431D-B9AF-5C9D280FCA81}.Release|Any CPU.ActiveCfg = Release|Any CPU
		{AFCC2B57-A6F1-431D-B9AF-5C9D280FCA81}.Release|Any CPU.Build.0 = Release|Any CPU
		{1A3671E3-5576-4FDC-A7D3-BA1BCBA7B444}.Debug|Any CPU.ActiveCfg = Debug|Any CPU
		{1A3671E3-5576-4FDC-A7D3-BA1BCBA7B444}.Debug|Any CPU.Build.0 = Debug|Any CPU
		{1A3671E3-5576-4FDC-A7D3-BA1BCBA7B444}.Release|Any CPU.ActiveCfg = Release|Any CPU
		{1A3671E3-5576-4FDC-A7D3-BA1BCBA7B444}.Release|Any CPU.Build.0 = Release|Any CPU
		{D5CC5013-F220-4841-9064-6A46C93179B2}.Debug|Any CPU.ActiveCfg = Debug|Any CPU
		{D5CC5013-F220-4841-9064-6A46C93179B2}.Debug|Any CPU.Build.0 = Debug|Any CPU
		{D5CC5013-F220-4841-9064-6A46C93179B2}.Release|Any CPU.ActiveCfg = Release|Any CPU
		{D5CC5013-F220-4841-9064-6A46C93179B2}.Release|Any CPU.Build.0 = Release|Any CPU
		{7F3E094E-370E-4526-9524-7ABBFCC7BEB8}.Debug|Any CPU.ActiveCfg = Debug|Any CPU
		{7F3E094E-370E-4526-9524-7ABBFCC7BEB8}.Debug|Any CPU.Build.0 = Debug|Any CPU
		{7F3E094E-370E-4526-9524-7ABBFCC7BEB8}.Release|Any CPU.ActiveCfg = Release|Any CPU
		{7F3E094E-370E-4526-9524-7ABBFCC7BEB8}.Release|Any CPU.Build.0 = Release|Any CPU
		{E1D24A4D-76B0-4B3B-8AAF-211CCFAB0BE3}.Debug|Any CPU.ActiveCfg = Debug|Any CPU
		{E1D24A4D-76B0-4B3B-8AAF-211CCFAB0BE3}.Debug|Any CPU.Build.0 = Debug|Any CPU
		{E1D24A4D-76B0-4B3B-8AAF-211CCFAB0BE3}.Release|Any CPU.ActiveCfg = Release|Any CPU
		{E1D24A4D-76B0-4B3B-8AAF-211CCFAB0BE3}.Release|Any CPU.Build.0 = Release|Any CPU
		{7849C907-8D29-4881-8C53-1DF03043AED3}.Debug|Any CPU.ActiveCfg = Debug|Any CPU
		{7849C907-8D29-4881-8C53-1DF03043AED3}.Debug|Any CPU.Build.0 = Debug|Any CPU
		{7849C907-8D29-4881-8C53-1DF03043AED3}.Release|Any CPU.ActiveCfg = Release|Any CPU
		{7849C907-8D29-4881-8C53-1DF03043AED3}.Release|Any CPU.Build.0 = Release|Any CPU
		{8723AC2E-128F-47C3-9B1F-8A71E5F646EB}.Debug|Any CPU.ActiveCfg = Debug|Any CPU
		{8723AC2E-128F-47C3-9B1F-8A71E5F646EB}.Debug|Any CPU.Build.0 = Debug|Any CPU
		{8723AC2E-128F-47C3-9B1F-8A71E5F646EB}.Release|Any CPU.ActiveCfg = Release|Any CPU
		{8723AC2E-128F-47C3-9B1F-8A71E5F646EB}.Release|Any CPU.Build.0 = Release|Any CPU
		{43D61946-9C29-4185-85A8-ADC82F089537}.Debug|Any CPU.ActiveCfg = Debug|Any CPU
		{43D61946-9C29-4185-85A8-ADC82F089537}.Debug|Any CPU.Build.0 = Debug|Any CPU
		{43D61946-9C29-4185-85A8-ADC82F089537}.Release|Any CPU.ActiveCfg = Release|Any CPU
		{43D61946-9C29-4185-85A8-ADC82F089537}.Release|Any CPU.Build.0 = Release|Any CPU
	EndGlobalSection
	GlobalSection(SolutionProperties) = preSolution
		HideSolutionNode = FALSE
	EndGlobalSection
	GlobalSection(NestedProjects) = preSolution
		{8386E063-E3AE-4760-B4FF-264B27A35BF2} = {E82CBFB0-7146-4DF0-85EC-C61EC9B2DCE8}
		{AD3DE9A6-5060-4EEA-9447-787753C1E374} = {E82CBFB0-7146-4DF0-85EC-C61EC9B2DCE8}
		{F2041943-39A2-4008-A596-3F66FBDA14BB} = {E82CBFB0-7146-4DF0-85EC-C61EC9B2DCE8}
		{AFCC2B57-A6F1-431D-B9AF-5C9D280FCA81} = {E82CBFB0-7146-4DF0-85EC-C61EC9B2DCE8}
		{1A3671E3-5576-4FDC-A7D3-BA1BCBA7B444} = {E82CBFB0-7146-4DF0-85EC-C61EC9B2DCE8}
		{D5CC5013-F220-4841-9064-6A46C93179B2} = {E82CBFB0-7146-4DF0-85EC-C61EC9B2DCE8}
		{E1D24A4D-76B0-4B3B-8AAF-211CCFAB0BE3} = {4B69FB7B-B107-44C0-A188-5440892C25F1}
		{7849C907-8D29-4881-8C53-1DF03043AED3} = {4B69FB7B-B107-44C0-A188-5440892C25F1}
		{8723AC2E-128F-47C3-9B1F-8A71E5F646EB} = {E82CBFB0-7146-4DF0-85EC-C61EC9B2DCE8}
		{7F3E094E-370E-4526-9524-7ABBFCC7BEB8} = {C1967FAA-FA70-442E-A53D-85024CE241BF}
		{43D61946-9C29-4185-85A8-ADC82F089537} = {E82CBFB0-7146-4DF0-85EC-C61EC9B2DCE8}
	EndGlobalSection
	GlobalSection(ExtensibilityGlobals) = postSolution
		SolutionGuid = {50DE8B4C-CE16-4FE9-999D-743074D01A5C}
	EndGlobalSection
EndGlobal
